github.com/goog-lukemc/gouicomponent v0.0.0-20200525210110-52b8d09eacf8 h1:q72VJaYGOFKwauqAnp55jo+easwbjLxoPf5//EFE2eI=
github.com/goog-lukemc/gouicomponent v0.0.0-20200525210110-52b8d09eacf8/go.mod h1:s46zuXLKRbfeuobHbRLEGJKCZCeMLyMr093OIy3kYhU=
github.com/goog-lukemc/gouidom v0.0.0-20200504130024-c92fcab294dd h1:E8jBazW1xSLUhHFPYm4ZO9Ws8BG47nd1BckZV1Y8ezs=
github.com/goog-lukemc/gouidom v0.0.0-20200504130024-c92fcab294dd/go.mod h1:YwcaCFiw4Y7uY6SG+Yb7EHtEnAzG3ppx+/v2OsnaNO0=
